{
  "name": "file-word-counter",
  "version": "1.0.0",
  "lockfileVersion": 3,
  "requires": true,
  "packages": {
    "": {
      "name": "file-word-counter",
      "version": "1.0.0",
      "license": "ISC",
      "dependencies": {
        "file-word-counter": "^1.0.0"
      },
      "bin": {
        "fwctr": "app.js"
      }
    },
    "node_modules/file-word-counter": {
      "version": "1.0.0",
      "resolved": "https://registry.npmjs.org/file-word-counter/-/file-word-counter-1.0.0.tgz",
      "integrity": "sha512-aNPTdRf207DZH6tidg6XhATg4Xk9CZGLRW64S/osMQE9azcp3nZGNEEW6ZC1RZ3EyBj4XpFopKvLOv/sIuz2+g==",
      "license": "ISC",
      "bin": {
        "fwctr": "app.js"
      }
    }
  }
}
